# @generated - this file is auto-generated by `mise lock` https://mise.jdx.dev/dev-tools/mise-lock.html

lockfile_version = 1

[[tools.gh]]
version = "2.101.0"
backend = "aqua:cli/cli"
specifiers = ["latest"]

[tools.gh."platforms.linux-x64"]
checksum = "sha256:9bca2d1c16825f109907a23307628a2f0698fbf99662b73a5cf0b020293072b8"
url = "https://github.com/cli/cli/releases/download/v2.101.0/gh_2.101.0_linux_amd64.tar.gz"
url_api = "https://api.github.com/repos/cli/cli/releases/assets/565857134"
provenance = "github-attestations"

[tools.gh."platforms.macos-arm64"]
checksum = "sha256:e4303e39d8f07141c4bad4b99b01079f05029c59b27076e8fbc825c985ecdd8b"
url = "https://github.com/cli/cli/releases/download/v2.101.0/gh_2.101.0_macOS_arm64.zip"
url_api = "https://api.github.com/repos/cli/cli/releases/assets/565857200"
provenance = "github-attestations"

[[tools.opentofu]]
version = "1.11.3"
backend = "aqua:opentofu/opentofu"
specifiers = ["1.11.3"]

[tools.opentofu."platforms.linux-x64"]
checksum = "sha256:46b567512d4cfa631551b936f3616c02277954fece29d91a52d264537399ad03"
url = "https://github.com/opentofu/opentofu/releases/download/v1.11.3/tofu_1.11.3_linux_amd64.tar.gz"
url_api = "https://api.github.com/repos/opentofu/opentofu/releases/assets/340048157"

[tools.opentofu."platforms.macos-arm64"]
checksum = "sha256:ed13cc2c919a0e3532eeb71fd5cd275d44d9552d8e57f18e5867917149146490"
url = "https://github.com/opentofu/opentofu/releases/download/v1.11.3/tofu_1.11.3_darwin_arm64.tar.gz"
url_api = "https://api.github.com/repos/opentofu/opentofu/releases/assets/340048138"
